
Microsoft Visual Studio Solution File, Format Version 12.00
Project("{FAE04EC0-301F-11D3-BF4B-00C04F79EFBC}") = "PuzzleGame", "PuzzleGame\PuzzleGame.csproj", "{257F9725-274A-4632-8592-CCC0269D718E}"
EndProject
Global
	GlobalSection(SolutionConfigurationPlatforms) = preSolution
		Debug|Any CPU = Debug|Any CPU
		Release|Any CPU = Release|Any CPU
	EndGlobalSection
	GlobalSection(ProjectConfigurationPlatforms) = postSolution
		{257F9725-274A-4632-8592-CCC0269D718E}.Debug|Any CPU.ActiveCfg = Debug|Any CPU
		{257F9725-274A-4632-8592-CCC0269D718E}.Debug|Any CPU.Build.0 = Debug|Any CPU
		{257F9725-274A-4632-8592-CCC0269D718E}.Release|Any CPU.ActiveCfg = Release|Any CPU
		{257F9725-274A-4632-8592-CCC0269D718E}.Release|Any CPU.Build.0 = Release|Any CPU
	EndGlobalSection
EndGlobal
